
Microsoft Visual Studio Solution File, Format Version 11.00
# Visual Studio 2010
Project("{FAE04EC0-301F-11D3-BF4B-00C04F79EFBC}") = "WinHill.Audio.NAudio", "WinHill.Audio.NAudio\WinHill.Audio.NAudio.csproj", "{1FFB46EC-AAE8-4BB5-B14A-75AF64B357A0}"
EndProject
Project("{2150E333-8FDC-42A3-9474-1A3956D46DE8}") = ".nuget", ".nuget", "{803486D6-5157-4A82-A030-1301CE714C0E}"
	ProjectSection(SolutionItems) = preProject
		.nuget\NuGet.Config = .nuget\NuGet.Config
		.nuget\NuGet.exe = .nuget\NuGet.exe
		.nuget\NuGet.targets = .nuget\NuGet.targets
	EndProjectSection
EndProject
Project("{FAE04EC0-301F-11D3-BF4B-00C04F79EFBC}") = "WinHill.Audio.NAudio.Test", "WinHill.Audio.NAudio.Test\WinHill.Audio.NAudio.Test.csproj", "{CC305893-96F3-4785-A47F-9C2040D78461}"
EndProject
Global
	GlobalSection(SolutionConfigurationPlatforms) = preSolution
		Debug|Any CPU = Debug|Any CPU
		Release|Any CPU = Release|Any CPU
	EndGlobalSection
	GlobalSection(ProjectConfigurationPlatforms) = postSolution
		{1FFB46EC-AAE8-4BB5-B14A-75AF64B357A0}.Debug|Any CPU.ActiveCfg = Debug|Any CPU
		{1FFB46EC-AAE8-4BB5-B14A-75AF64B357A0}.Debug|Any CPU.Build.0 = Debug|Any CPU
		{1FFB46EC-AAE8-4BB5-B14A-75AF64B357A0}.Release|Any CPU.ActiveCfg = Release|Any CPU
		{1FFB46EC-AAE8-4BB5-B14A-75AF64B357A0}.Release|Any CPU.Build.0 = Release|Any CPU
		{CC305893-96F3-4785-A47F-9C2040D78461}.Debug|Any CPU.ActiveCfg = Debug|Any CPU
		{CC305893-96F3-4785-A47F-9C2040D78461}.Debug|Any CPU.Build.0 = Debug|Any CPU
		{CC305893-96F3-4785-A47F-9C2040D78461}.Release|Any CPU.ActiveCfg = Release|Any CPU
		{CC305893-96F3-4785-A47F-9C2040D78461}.Release|Any CPU.Build.0 = Release|Any CPU
	EndGlobalSection
	GlobalSection(SolutionProperties) = preSolution
		HideSolutionNode = FALSE
	EndGlobalSection
EndGlobal
